// !$*UTF8*$!
{
	archiveVersion = 1;
	classes = {
	};
	objectVersion = 56;
	objects = {

/* Begin PBXBuildFile section */
		70699E220871305DE3FB4B57 /* Pods_PodcastFTiOS.framework in Frameworks */ = {isa = PBXBuildFile; fileRef = D487F105F96982A712E843C9 /* Pods_PodcastFTiOS.framework */; };
		949C0A942924AF0800F9F1EE /* ExploresViewCell.swift in Sources */ = {isa = PBXBuildFile; fileRef = 949C0A932924AF0800F9F1EE /* ExploresViewCell.swift */; };
		949C0A9A2925343800F9F1EE /* PlayerViewController.swift in Sources */ = {isa = PBXBuildFile; fileRef = 949C0A992925343800F9F1EE /* PlayerViewController.swift */; };
		949C0A9C2927412F00F9F1EE /* Recommended.swift in Sources */ = {isa = PBXBuildFile; fileRef = 949C0A9B2927412F00F9F1EE /* Recommended.swift */; };
		949C0B002929DB2800F9F1EE /* CollectionsViewModel.swift in Sources */ = {isa = PBXBuildFile; fileRef = 949C0AFF2929DB2800F9F1EE /* CollectionsViewModel.swift */; };
		949C0B022929DB6100F9F1EE /* Collections.swift in Sources */ = {isa = PBXBuildFile; fileRef = 949C0B012929DB6100F9F1EE /* Collections.swift */; };
		94C1DCD42924A74E0010533E /* ExploresViewController.swift in Sources */ = {isa = PBXBuildFile; fileRef = 94C1DCD32924A74E0010533E /* ExploresViewController.swift */; };
		94C2F1212921E831003FF921 /* BaseViewController.swift in Sources */ = {isa = PBXBuildFile; fileRef = 94C2F1202921E831003FF921 /* BaseViewController.swift */; };
		94C2F1252923AD05003FF921 /* ExploresViewModel.swift in Sources */ = {isa = PBXBuildFile; fileRef = 94C2F1242923AD05003FF921 /* ExploresViewModel.swift */; };
		94E70493291D1D6A0062D24C /* AppDelegate.swift in Sources */ = {isa = PBXBuildFile; fileRef = 94E70492291D1D6A0062D24C /* AppDelegate.swift */; };
		94E70495291D1D6A0062D24C /* SceneDelegate.swift in Sources */ = {isa = PBXBuildFile; fileRef = 94E70494291D1D6A0062D24C /* SceneDelegate.swift */; };
		94E7049A291D1D6A0062D24C /* Main.storyboard in Resources */ = {isa = PBXBuildFile; fileRef = 94E70498291D1D6A0062D24C /* Main.storyboard */; };
		94E7049C291D1D6D0062D24C /* Assets.xcassets in Resources */ = {isa = PBXBuildFile; fileRef = 94E7049B291D1D6D0062D24C /* Assets.xcassets */; };
		94E7049F291D1D6D0062D24C /* LaunchScreen.storyboard in Resources */ = {isa = PBXBuildFile; fileRef = 94E7049D291D1D6D0062D24C /* LaunchScreen.storyboard */; };
		94E704AD291D253A0062D24C /* MainViewController.swift in Sources */ = {isa = PBXBuildFile; fileRef = 94E704AC291D253A0062D24C /* MainViewController.swift */; };
		94E704B0291D25E90062D24C /* Home.storyboard in Resources */ = {isa = PBXBuildFile; fileRef = 94E704AF291D25E90062D24C /* Home.storyboard */; };
		94E704B2291D25F90062D24C /* HomeViewController.swift in Sources */ = {isa = PBXBuildFile; fileRef = 94E704B1291D25F90062D24C /* HomeViewController.swift */; };
		94E704B5291D26210062D24C /* Explore.storyboard in Resources */ = {isa = PBXBuildFile; fileRef = 94E704B4291D26210062D24C /* Explore.storyboard */; };
		94E704BC291D26D40062D24C /* DownloadViewController.swift in Sources */ = {isa = PBXBuildFile; fileRef = 94E704BB291D26D40062D24C /* DownloadViewController.swift */; };
		94E704C1291D271D0062D24C /* FavoriteViewController.swift in Sources */ = {isa = PBXBuildFile; fileRef = 94E704C0291D271D0062D24C /* FavoriteViewController.swift */; };
		94E704C4291D27540062D24C /* Episode.storyboard in Resources */ = {isa = PBXBuildFile; fileRef = 94E704C3291D27540062D24C /* Episode.storyboard */; };
		94E704C6291D27640062D24C /* EpisodeViewController.swift in Sources */ = {isa = PBXBuildFile; fileRef = 94E704C5291D27640062D24C /* EpisodeViewController.swift */; };
		94E704CF291D58B60062D24C /* Player.storyboard in Resources */ = {isa = PBXBuildFile; fileRef = 94E704CE291D58B60062D24C /* Player.storyboard */; };
		94E704D3291D61B20062D24C /* PlayerView.xib in Resources */ = {isa = PBXBuildFile; fileRef = 94E704D2291D61B10062D24C /* PlayerView.xib */; };
		94E704DB291E1D620062D24C /* Favorite.storyboard in Resources */ = {isa = PBXBuildFile; fileRef = 94E704DA291E1D620062D24C /* Favorite.storyboard */; };
		94E704DD291E1D6D0062D24C /* Download.storyboard in Resources */ = {isa = PBXBuildFile; fileRef = 94E704DC291E1D6D0062D24C /* Download.storyboard */; };
		94F6C490291F4C9F00F6F452 /* RecommendedListViewCell.swift in Sources */ = {isa = PBXBuildFile; fileRef = 94F6C48F291F4C9F00F6F452 /* RecommendedListViewCell.swift */; };
		94F6C494291F4CFC00F6F452 /* RecommendedViewCell.swift in Sources */ = {isa = PBXBuildFile; fileRef = 94F6C493291F4CFC00F6F452 /* RecommendedViewCell.swift */; };
		94F6C49A291F4E9A00F6F452 /* FavoriteViewCell.swift in Sources */ = {isa = PBXBuildFile; fileRef = 94F6C499291F4E9A00F6F452 /* FavoriteViewCell.swift */; };
		94F6C49C291F4F0400F6F452 /* DownloadViewCell.swift in Sources */ = {isa = PBXBuildFile; fileRef = 94F6C49B291F4F0400F6F452 /* DownloadViewCell.swift */; };
		94F6C49E291F4F6700F6F452 /* EpisodeViewCell.swift in Sources */ = {isa = PBXBuildFile; fileRef = 94F6C49D291F4F6700F6F452 /* EpisodeViewCell.swift */; };
		94F6C4A2291F53C100F6F452 /* UIColorExtensions.swift in Sources */ = {isa = PBXBuildFile; fileRef = 94F6C4A1291F53C100F6F452 /* UIColorExtensions.swift */; };
		94F6C4A4291F594F00F6F452 /* APIService.swift in Sources */ = {isa = PBXBuildFile; fileRef = 94F6C4A3291F594F00F6F452 /* APIService.swift */; };
		94F6C4A6291F59E500F6F452 /* Service.swift in Sources */ = {isa = PBXBuildFile; fileRef = 94F6C4A5291F59E500F6F452 /* Service.swift */; };
		94F6C4A8291F5B2800F6F452 /* Podcast.swift in Sources */ = {isa = PBXBuildFile; fileRef = 94F6C4A7291F5B2800F6F452 /* Podcast.swift */; };
		94F6C4AA291F608800F6F452 /* Episode.swift in Sources */ = {isa = PBXBuildFile; fileRef = 94F6C4A9291F608800F6F452 /* Episode.swift */; };
		94F6C4AC291F60BE00F6F452 /* DownloadedEpisode.swift in Sources */ = {isa = PBXBuildFile; fileRef = 94F6C4AB291F60BE00F6F452 /* DownloadedEpisode.swift */; };
		94F6C4B1291FE1EE00F6F452 /* DPodcast+CoreDataClass.swift in Sources */ = {isa = PBXBuildFile; fileRef = 94F6C4AD291FE1EE00F6F452 /* DPodcast+CoreDataClass.swift */; };
		94F6C4B2291FE1EE00F6F452 /* DPodcast+CoreDataProperties.swift in Sources */ = {isa = PBXBuildFile; fileRef = 94F6C4AE291FE1EE00F6F452 /* DPodcast+CoreDataProperties.swift */; };
		94F6C4B3291FE1EE00F6F452 /* PodcastsApp.xcdatamodeld in Sources */ = {isa = PBXBuildFile; fileRef = 94F6C4AF291FE1EE00F6F452 /* PodcastsApp.xcdatamodeld */; };
		94F6C4B5291FE21200F6F452 /* SearchResponse.swift in Sources */ = {isa = PBXBuildFile; fileRef = 94F6C4B4291FE21200F6F452 /* SearchResponse.swift */; };
		94F6C4BA291FE22900F6F452 /* NotificationExtensions.swift in Sources */ = {isa = PBXBuildFile; fileRef = 94F6C4B6291FE22800F6F452 /* NotificationExtensions.swift */; };
		94F6C4BB291FE22900F6F452 /* DateExtensions.swift in Sources */ = {isa = PBXBuildFile; fileRef = 94F6C4B7291FE22800F6F452 /* DateExtensions.swift */; };
		94F6C4BC291FE22900F6F452 /* DoubleExtensions.swift in Sources */ = {isa = PBXBuildFile; fileRef = 94F6C4B8291FE22800F6F452 /* DoubleExtensions.swift */; };
		94F6C4BD291FE22900F6F452 /* UserDefaultsExtension.swift in Sources */ = {isa = PBXBuildFile; fileRef = 94F6C4B9291FE22900F6F452 /* UserDefaultsExtension.swift */; };
		94F6C4BF291FE32E00F6F452 /* PlayerProvider.swift in Sources */ = {isa = PBXBuildFile; fileRef = 94F6C4BE291FE32E00F6F452 /* PlayerProvider.swift */; };
		94F6C4C3291FE68600F6F452 /* DownloadViewModel.swift in Sources */ = {isa = PBXBuildFile; fileRef = 94F6C4C2291FE68600F6F452 /* DownloadViewModel.swift */; };
		94F6C4C5291FE79500F6F452 /* FavoriteViewModel.swift in Sources */ = {isa = PBXBuildFile; fileRef = 94F6C4C4291FE79500F6F452 /* FavoriteViewModel.swift */; };
		94F6C4C7291FE83500F6F452 /* PlayerViewModel.swift in Sources */ = {isa = PBXBuildFile; fileRef = 94F6C4C6291FE83500F6F452 /* PlayerViewModel.swift */; };
		94F6C4CB291FF62200F6F452 /* RecommendedViewModel.swift in Sources */ = {isa = PBXBuildFile; fileRef = 94F6C4CA291FF62200F6F452 /* RecommendedViewModel.swift */; };
		94F6C4CF2920F58C00F6F452 /* CollectionsViewCell.swift in Sources */ = {isa = PBXBuildFile; fileRef = 94F6C4CE2920F58C00F6F452 /* CollectionsViewCell.swift */; };
		94F6C4D12921158800F6F452 /* EpisodeViewModel.swift in Sources */ = {isa = PBXBuildFile; fileRef = 94F6C4D02921158800F6F452 /* EpisodeViewModel.swift */; };
		94F6C4D529212F3B00F6F452 /* PlayerView.swift in Sources */ = {isa = PBXBuildFile; fileRef = 94F6C4D429212F3B00F6F452 /* PlayerView.swift */; };
/* End PBXBuildFile section */

/* Begin PBXFileReference section */
		949C0A932924AF0800F9F1EE /* ExploresViewCell.swift */ = {isa = PBXFileReference; lastKnownFileType = sourcecode.swift; path = ExploresViewCell.swift; sourceTree = "<group>"; };
		949C0A992925343800F9F1EE /* PlayerViewController.swift */ = {isa = PBXFileReference; lastKnownFileType = sourcecode.swift; path = PlayerViewController.swift; sourceTree = "<group>"; };
		949C0A9B2927412F00F9F1EE /* Recommended.swift */ = {isa = PBXFileReference; lastKnownFileType = sourcecode.swift; path = Recommended.swift; sourceTree = "<group>"; };
		949C0AFF2929DB2800F9F1EE /* CollectionsViewModel.swift */ = {isa = PBXFileReference; lastKnownFileType = sourcecode.swift; path = CollectionsViewModel.swift; sourceTree = "<group>"; };
		949C0B012929DB6100F9F1EE /* Collections.swift */ = {isa = PBXFileReference; lastKnownFileType = sourcecode.swift; path = Collections.swift; sourceTree = "<group>"; };
		94C1DCD32924A74E0010533E /* ExploresViewController.swift */ = {isa = PBXFileReference; lastKnownFileType = sourcecode.swift; path = ExploresViewController.swift; sourceTree = "<group>"; };
		94C2F1202921E831003FF921 /* BaseViewController.swift */ = {isa = PBXFileReference; fileEncoding = 4; lastKnownFileType = sourcecode.swift; path = BaseViewController.swift; sourceTree = "<group>"; };
		94C2F1242923AD05003FF921 /* ExploresViewModel.swift */ = {isa = PBXFileReference; lastKnownFileType = sourcecode.swift; path = ExploresViewModel.swift; sourceTree = "<group>"; };
		94E7048F291D1D6A0062D24C /* PodcastFTiOS.app */ = {isa = PBXFileReference; explicitFileType = wrapper.application; includeInIndex = 0; path = PodcastFTiOS.app; sourceTree = BUILT_PRODUCTS_DIR; };
		94E70492291D1D6A0062D24C /* AppDelegate.swift */ = {isa = PBXFileReference; lastKnownFileType = sourcecode.swift; path = AppDelegate.swift; sourceTree = "<group>"; };
		94E70494291D1D6A0062D24C /* SceneDelegate.swift */ = {isa = PBXFileReference; lastKnownFileType = sourcecode.swift; path = SceneDelegate.swift; sourceTree = "<group>"; };
		94E70499291D1D6A0062D24C /* Base */ = {isa = PBXFileReference; lastKnownFileType = file.storyboard; name = Base; path = Base.lproj/Main.storyboard; sourceTree = "<group>"; };
		94E7049B291D1D6D0062D24C /* Assets.xcassets */ = {isa = PBXFileReference; lastKnownFileType = folder.assetcatalog; path = Assets.xcassets; sourceTree = "<group>"; };
		94E7049E291D1D6D0062D24C /* Base */ = {isa = PBXFileReference; lastKnownFileType = file.storyboard; name = Base; path = Base.lproj/LaunchScreen.storyboard; sourceTree = "<group>"; };
		94E704A0291D1D6D0062D24C /* Info.plist */ = {isa = PBXFileReference; lastKnownFileType = text.plist.xml; path = Info.plist; sourceTree = "<group>"; };
		94E704AC291D253A0062D24C /* MainViewController.swift */ = {isa = PBXFileReference; lastKnownFileType = sourcecode.swift; path = MainViewController.swift; sourceTree = "<group>"; };
		94E704AF291D25E90062D24C /* Home.storyboard */ = {isa = PBXFileReference; lastKnownFileType = file.storyboard; path = Home.storyboard; sourceTree = "<group>"; };
		94E704B1291D25F90062D24C /* HomeViewController.swift */ = {isa = PBXFileReference; lastKnownFileType = sourcecode.swift; path = HomeViewController.swift; sourceTree = "<group>"; };
		94E704B4291D26210062D24C /* Explore.storyboard */ = {isa = PBXFileReference; lastKnownFileType = file.storyboard; path = Explore.storyboard; sourceTree = "<group>"; };
		94E704BB291D26D40062D24C /* DownloadViewController.swift */ = {isa = PBXFileReference; lastKnownFileType = sourcecode.swift; path = DownloadViewController.swift; sourceTree = "<group>"; };
		94E704C0291D271D0062D24C /* FavoriteViewController.swift */ = {isa = PBXFileReference; lastKnownFileType = sourcecode.swift; path = FavoriteViewController.swift; sourceTree = "<group>"; };
		94E704C3291D27540062D24C /* Episode.storyboard */ = {isa = PBXFileReference; lastKnownFileType = file.storyboard; path = Episode.storyboard; sourceTree = "<group>"; };
		94E704C5291D27640062D24C /* EpisodeViewController.swift */ = {isa = PBXFileReference; lastKnownFileType = sourcecode.swift; path = EpisodeViewController.swift; sourceTree = "<group>"; };
		94E704CE291D58B60062D24C /* Player.storyboard */ = {isa = PBXFileReference; lastKnownFileType = file.storyboard; path = Player.storyboard; sourceTree = "<group>"; };
		94E704D2291D61B10062D24C /* PlayerView.xib */ = {isa = PBXFileReference; fileEncoding = 4; lastKnownFileType = file.xib; path = PlayerView.xib; sourceTree = "<group>"; };
		94E704DA291E1D620062D24C /* Favorite.storyboard */ = {isa = PBXFileReference; lastKnownFileType = file.storyboard; path = Favorite.storyboard; sourceTree = "<group>"; };
		94E704DC291E1D6D0062D24C /* Download.storyboard */ = {isa = PBXFileReference; lastKnownFileType = file.storyboard; path = Download.storyboard; sourceTree = "<group>"; };
		94F6C48F291F4C9F00F6F452 /* RecommendedListViewCell.swift */ = {isa = PBXFileReference; lastKnownFileType = sourcecode.swift; path = RecommendedListViewCell.swift; sourceTree = "<group>"; };
		94F6C493291F4CFC00F6F452 /* RecommendedViewCell.swift */ = {isa = PBXFileReference; lastKnownFileType = sourcecode.swift; path = RecommendedViewCell.swift; sourceTree = "<group>"; };
		94F6C499291F4E9A00F6F452 /* FavoriteViewCell.swift */ = {isa = PBXFileReference; lastKnownFileType = sourcecode.swift; path = FavoriteViewCell.swift; sourceTree = "<group>"; };
		94F6C49B291F4F0400F6F452 /* DownloadViewCell.swift */ = {isa = PBXFileReference; lastKnownFileType = sourcecode.swift; path = DownloadViewCell.swift; sourceTree = "<group>"; };
		94F6C49D291F4F6700F6F452 /* EpisodeViewCell.swift */ = {isa = PBXFileReference; lastKnownFileType = sourcecode.swift; path = EpisodeViewCell.swift; sourceTree = "<group>"; };
		94F6C4A1291F53C100F6F452 /* UIColorExtensions.swift */ = {isa = PBXFileReference; lastKnownFileType = sourcecode.swift; path = UIColorExtensions.swift; sourceTree = "<group>"; };
		94F6C4A3291F594F00F6F452 /* APIService.swift */ = {isa = PBXFileReference; lastKnownFileType = sourcecode.swift; path = APIService.swift; sourceTree = "<group>"; };
		94F6C4A5291F59E500F6F452 /* Service.swift */ = {isa = PBXFileReference; lastKnownFileType = sourcecode.swift; path = Service.swift; sourceTree = "<group>"; };
		94F6C4A7291F5B2800F6F452 /* Podcast.swift */ = {isa = PBXFileReference; lastKnownFileType = sourcecode.swift; path = Podcast.swift; sourceTree = "<group>"; };
		94F6C4A9291F608800F6F452 /* Episode.swift */ = {isa = PBXFileReference; lastKnownFileType = sourcecode.swift; path = Episode.swift; sourceTree = "<group>"; };
		94F6C4AB291F60BE00F6F452 /* DownloadedEpisode.swift */ = {isa = PBXFileReference; lastKnownFileType = sourcecode.swift; path = DownloadedEpisode.swift; sourceTree = "<group>"; };
		94F6C4AD291FE1EE00F6F452 /* DPodcast+CoreDataClass.swift */ = {isa = PBXFileReference; fileEncoding = 4; lastKnownFileType = sourcecode.swift; path = "DPodcast+CoreDataClass.swift"; sourceTree = "<group>"; };
		94F6C4AE291FE1EE00F6F452 /* DPodcast+CoreDataProperties.swift */ = {isa = PBXFileReference; fileEncoding = 4; lastKnownFileType = sourcecode.swift; path = "DPodcast+CoreDataProperties.swift"; sourceTree = "<group>"; };
		94F6C4B0291FE1EE00F6F452 /* PodcastsApp.xcdatamodel */ = {isa = PBXFileReference; lastKnownFileType = wrapper.xcdatamodel; path = PodcastsApp.xcdatamodel; sourceTree = "<group>"; };
		94F6C4B4291FE21200F6F452 /* SearchResponse.swift */ = {isa = PBXFileReference; fileEncoding = 4; lastKnownFileType = sourcecode.swift; path = SearchResponse.swift; sourceTree = "<group>"; };
		94F6C4B6291FE22800F6F452 /* NotificationExtensions.swift */ = {isa = PBXFileReference; fileEncoding = 4; lastKnownFileType = sourcecode.swift; path = NotificationExtensions.swift; sourceTree = "<group>"; };
		94F6C4B7291FE22800F6F452 /* DateExtensions.swift */ = {isa = PBXFileReference; fileEncoding = 4; lastKnownFileType = sourcecode.swift; path = DateExtensions.swift; sourceTree = "<group>"; };
		94F6C4B8291FE22800F6F452 /* DoubleExtensions.swift */ = {isa = PBXFileReference; fileEncoding = 4; lastKnownFileType = sourcecode.swift; path = DoubleExtensions.swift; sourceTree = "<group>"; };
		94F6C4B9291FE22900F6F452 /* UserDefaultsExtension.swift */ = {isa = PBXFileReference; fileEncoding = 4; lastKnownFileType = sourcecode.swift; path = UserDefaultsExtension.swift; sourceTree = "<group>"; };
		94F6C4BE291FE32E00F6F452 /* PlayerProvider.swift */ = {isa = PBXFileReference; fileEncoding = 4; lastKnownFileType = sourcecode.swift; path = PlayerProvider.swift; sourceTree = "<group>"; };
		94F6C4C2291FE68600F6F452 /* DownloadViewModel.swift */ = {isa = PBXFileReference; lastKnownFileType = sourcecode.swift; path = DownloadViewModel.swift; sourceTree = "<group>"; };
		94F6C4C4291FE79500F6F452 /* FavoriteViewModel.swift */ = {isa = PBXFileReference; lastKnownFileType = sourcecode.swift; path = FavoriteViewModel.swift; sourceTree = "<group>"; };
		94F6C4C6291FE83500F6F452 /* PlayerViewModel.swift */ = {isa = PBXFileReference; lastKnownFileType = sourcecode.swift; path = PlayerViewModel.swift; sourceTree = "<group>"; };
		94F6C4CA291FF62200F6F452 /* RecommendedViewModel.swift */ = {isa = PBXFileReference; lastKnownFileType = sourcecode.swift; path = RecommendedViewModel.swift; sourceTree = "<group>"; };
		94F6C4CE2920F58C00F6F452 /* CollectionsViewCell.swift */ = {isa = PBXFileReference; lastKnownFileType = sourcecode.swift; path = CollectionsViewCell.swift; sourceTree = "<group>"; };
		94F6C4D02921158800F6F452 /* EpisodeViewModel.swift */ = {isa = PBXFileReference; lastKnownFileType = sourcecode.swift; path = EpisodeViewModel.swift; sourceTree = "<group>"; };
		94F6C4D429212F3B00F6F452 /* PlayerView.swift */ = {isa = PBXFileReference; lastKnownFileType = sourcecode.swift; path = PlayerView.swift; sourceTree = "<group>"; };
		D246ABCA53E7F8EC729E057D /* Pods-PodcastFTiOS.debug.xcconfig */ = {isa = PBXFileReference; includeInIndex = 1; lastKnownFileType = text.xcconfig; name = "Pods-PodcastFTiOS.debug.xcconfig"; path = "Target Support Files/Pods-PodcastFTiOS/Pods-PodcastFTiOS.debug.xcconfig"; sourceTree = "<group>"; };
		D487F105F96982A712E843C9 /* Pods_PodcastFTiOS.framework */ = {isa = PBXFileReference; explicitFileType = wrapper.framework; includeInIndex = 0; path = Pods_PodcastFTiOS.framework; sourceTree = BUILT_PRODUCTS_DIR; };
		F000304A76200592AEF1084E /* Pods-PodcastFTiOS.release.xcconfig */ = {isa = PBXFileReference; includeInIndex = 1; lastKnownFileType = text.xcconfig; name = "Pods-PodcastFTiOS.release.xcconfig"; path = "Target Support Files/Pods-PodcastFTiOS/Pods-PodcastFTiOS.release.xcconfig"; sourceTree = "<group>"; };
/* End PBXFileReference section */

/* Begin PBXFrameworksBuildPhase section */
		94E7048C291D1D6A0062D24C /* Frameworks */ = {
			isa = PBXFrameworksBuildPhase;
			buildActionMask = 2147483647;
			files = (
				70699E220871305DE3FB4B57 /* Pods_PodcastFTiOS.framework in Frameworks */,
			);
			runOnlyForDeploymentPostprocessing = 0;
		};
/* End PBXFrameworksBuildPhase section */

/* Begin PBXGroup section */
		8AE6482C4CCA843DFDCE0D62 /* Frameworks */ = {
			isa = PBXGroup;
			children = (
				D487F105F96982A712E843C9 /* Pods_PodcastFTiOS.framework */,
			);
			name = Frameworks;
			sourceTree = "<group>";
		};
		949C0AFD2929D82700F9F1EE /* Recommended */ = {
			isa = PBXGroup;
			children = (
				94F6C48F291F4C9F00F6F452 /* RecommendedListViewCell.swift */,
				94F6C4CA291FF62200F6F452 /* RecommendedViewModel.swift */,
				94F6C493291F4CFC00F6F452 /* RecommendedViewCell.swift */,
			);
			path = Recommended;
			sourceTree = "<group>";
		};
		949C0AFE2929D87A00F9F1EE /* Collections */ = {
			isa = PBXGroup;
			children = (
				94F6C4CE2920F58C00F6F452 /* CollectionsViewCell.swift */,
				949C0AFF2929DB2800F9F1EE /* CollectionsViewModel.swift */,
			);
			path = Collections;
			sourceTree = "<group>";
		};
		94E70486291D1D6A0062D24C = {
			isa = PBXGroup;
			children = (
				94E70491291D1D6A0062D24C /* PodcastFTiOS */,
				94E70490291D1D6A0062D24C /* Products */,
				E6A981AF050F8A87FFF540C7 /* Pods */,
				8AE6482C4CCA843DFDCE0D62 /* Frameworks */,
			);
			sourceTree = "<group>";
		};
		94E70490291D1D6A0062D24C /* Products */ = {
			isa = PBXGroup;
			children = (
				94E7048F291D1D6A0062D24C /* PodcastFTiOS.app */,
			);
			name = Products;
			sourceTree = "<group>";
		};
		94E70491291D1D6A0062D24C /* PodcastFTiOS */ = {
			isa = PBXGroup;
			children = (
				94E70492291D1D6A0062D24C /* AppDelegate.swift */,
				94E70494291D1D6A0062D24C /* SceneDelegate.swift */,
				94E704AA291D1E2A0062D24C /* Extensions */,
				94E704A9291D1E1C0062D24C /* API */,
				94E704A8291D1E0B0062D24C /* CoreDataModels */,
				94E704A7291D1DF70062D24C /* Models */,
				94E704A6291D1DEA0062D24C /* Modules */,
				94E7049B291D1D6D0062D24C /* Assets.xcassets */,
				94E7049D291D1D6D0062D24C /* LaunchScreen.storyboard */,
				94E704A0291D1D6D0062D24C /* Info.plist */,
			);
			path = PodcastFTiOS;
			sourceTree = "<group>";
		};
		94E704A6291D1DEA0062D24C /* Modules */ = {
			isa = PBXGroup;
			children = (
				94C2F1202921E831003FF921 /* BaseViewController.swift */,
				94E704B8291D26B60062D24C /* Download */,
				94E704BD291D26EC0062D24C /* Favorite */,
				94E704CD291D58A90062D24C /* Player */,
				94E704C2291D27430062D24C /* Episode */,
				94E704B3291D260B0062D24C /* Explore */,
				94E704AE291D25CF0062D24C /* Home */,
				94E704AB291D1E5D0062D24C /* Main */,
			);
			path = Modules;
			sourceTree = "<group>";
		};
		94E704A7291D1DF70062D24C /* Models */ = {
			isa = PBXGroup;
			children = (
				94F6C4A5291F59E500F6F452 /* Service.swift */,
				94F6C4A7291F5B2800F6F452 /* Podcast.swift */,
				949C0A9B2927412F00F9F1EE /* Recommended.swift */,
				949C0B012929DB6100F9F1EE /* Collections.swift */,
				94F6C4A9291F608800F6F452 /* Episode.swift */,
				94F6C4AB291F60BE00F6F452 /* DownloadedEpisode.swift */,
			);
			path = Models;
			sourceTree = "<group>";
		};
		94E704A8291D1E0B0062D24C /* CoreDataModels */ = {
			isa = PBXGroup;
			children = (
				94F6C4AF291FE1EE00F6F452 /* PodcastsApp.xcdatamodeld */,
				94F6C4AE291FE1EE00F6F452 /* DPodcast+CoreDataProperties.swift */,
				94F6C4AD291FE1EE00F6F452 /* DPodcast+CoreDataClass.swift */,
			);
			path = CoreDataModels;
			sourceTree = "<group>";
		};
		94E704A9291D1E1C0062D24C /* API */ = {
			isa = PBXGroup;
			children = (
				94F6C4A3291F594F00F6F452 /* APIService.swift */,
				94F6C4BE291FE32E00F6F452 /* PlayerProvider.swift */,
				94F6C4B4291FE21200F6F452 /* SearchResponse.swift */,
			);
			path = API;
			sourceTree = "<group>";
		};
		94E704AA291D1E2A0062D24C /* Extensions */ = {
			isa = PBXGroup;
			children = (
				94F6C4A1291F53C100F6F452 /* UIColorExtensions.swift */,
				94F6C4B7291FE22800F6F452 /* DateExtensions.swift */,
				94F6C4B8291FE22800F6F452 /* DoubleExtensions.swift */,
				94F6C4B6291FE22800F6F452 /* NotificationExtensions.swift */,
				94F6C4B9291FE22900F6F452 /* UserDefaultsExtension.swift */,
			);
			path = Extensions;
			sourceTree = "<group>";
		};
		94E704AB291D1E5D0062D24C /* Main */ = {
			isa = PBXGroup;
			children = (
				94E70498291D1D6A0062D24C /* Main.storyboard */,
				94E704AC291D253A0062D24C /* MainViewController.swift */,
			);
			path = Main;
			sourceTree = "<group>";
		};
		94E704AE291D25CF0062D24C /* Home */ = {
			isa = PBXGroup;
			children = (
				94E704AF291D25E90062D24C /* Home.storyboard */,
				94E704B1291D25F90062D24C /* HomeViewController.swift */,
				949C0AFD2929D82700F9F1EE /* Recommended */,
				949C0AFE2929D87A00F9F1EE /* Collections */,
			);
			path = Home;
			sourceTree = "<group>";
		};
		94E704B3291D260B0062D24C /* Explore */ = {
			isa = PBXGroup;
			children = (
				94E704B4291D26210062D24C /* Explore.storyboard */,
				94C1DCD32924A74E0010533E /* ExploresViewController.swift */,
				94C2F1242923AD05003FF921 /* ExploresViewModel.swift */,
				949C0A932924AF0800F9F1EE /* ExploresViewCell.swift */,
			);
			path = Explore;
			sourceTree = "<group>";
		};
		94E704B8291D26B60062D24C /* Download */ = {
			isa = PBXGroup;
			children = (
				94E704DC291E1D6D0062D24C /* Download.storyboard */,
				94E704BB291D26D40062D24C /* DownloadViewController.swift */,
				94F6C4C2291FE68600F6F452 /* DownloadViewModel.swift */,
				94F6C49B291F4F0400F6F452 /* DownloadViewCell.swift */,
			);
			path = Download;
			sourceTree = "<group>";
		};
		94E704BD291D26EC0062D24C /* Favorite */ = {
			isa = PBXGroup;
			children = (
				94E704DA291E1D620062D24C /* Favorite.storyboard */,
				94E704C0291D271D0062D24C /* FavoriteViewController.swift */,
				94F6C4C4291FE79500F6F452 /* FavoriteViewModel.swift */,
				94F6C499291F4E9A00F6F452 /* FavoriteViewCell.swift */,
			);
			path = Favorite;
			sourceTree = "<group>";
		};
		94E704C2291D27430062D24C /* Episode */ = {
			isa = PBXGroup;
			children = (
				94E704C3291D27540062D24C /* Episode.storyboard */,
				94E704C5291D27640062D24C /* EpisodeViewController.swift */,
				94F6C4D02921158800F6F452 /* EpisodeViewModel.swift */,
				94F6C49D291F4F6700F6F452 /* EpisodeViewCell.swift */,
			);
			path = Episode;
			sourceTree = "<group>";
		};
		94E704CD291D58A90062D24C /* Player */ = {
			isa = PBXGroup;
			children = (
				94E704CE291D58B60062D24C /* Player.storyboard */,
				949C0A992925343800F9F1EE /* PlayerViewController.swift */,
				94F6C4C6291FE83500F6F452 /* PlayerViewModel.swift */,
				94E704D2291D61B10062D24C /* PlayerView.xib */,
				94F6C4D429212F3B00F6F452 /* PlayerView.swift */,
			);
			path = Player;
			sourceTree = "<group>";
		};
		E6A981AF050F8A87FFF540C7 /* Pods */ = {
			isa = PBXGroup;
			children = (
				D246ABCA53E7F8EC729E057D /* Pods-PodcastFTiOS.debug.xcconfig */,
				F000304A76200592AEF1084E /* Pods-PodcastFTiOS.release.xcconfig */,
			);
			path = Pods;
			sourceTree = "<group>";
		};
/* End PBXGroup section */

/* Begin PBXNativeTarget section */
		94E7048E291D1D6A0062D24C /* PodcastFTiOS */ = {
			isa = PBXNativeTarget;
			buildConfigurationList = 94E704A3291D1D6D0062D24C /* Build configuration list for PBXNativeTarget "PodcastFTiOS" */;
			buildPhases = (
				6B5D1B7FCDCC1381B9448CCE /* [CP] Check Pods Manifest.lock */,
				94E7048B291D1D6A0062D24C /* Sources */,
				94E7048C291D1D6A0062D24C /* Frameworks */,
				94E7048D291D1D6A0062D24C /* Resources */,
				B459C9A09785057DDFFAB16B /* [CP] Embed Pods Frameworks */,
			);
			buildRules = (
			);
			dependencies = (
			);
			name = PodcastFTiOS;
			productName = PodcastFTiOS;
			productReference = 94E7048F291D1D6A0062D24C /* PodcastFTiOS.app */;
			productType = "com.apple.product-type.application";
		};
/* End PBXNativeTarget section */

/* Begin PBXProject section */
		94E70487291D1D6A0062D24C /* Project object */ = {
			isa = PBXProject;
			attributes = {
				BuildIndependentTargetsInParallel = 1;
				LastSwiftUpdateCheck = 1410;
				LastUpgradeCheck = 1410;
				TargetAttributes = {
					94E7048E291D1D6A0062D24C = {
						CreatedOnToolsVersion = 14.1;
					};
				};
			};
			buildConfigurationList = 94E7048A291D1D6A0062D24C /* Build configuration list for PBXProject "PodcastFTiOS" */;
			compatibilityVersion = "Xcode 14.0";
			developmentRegion = en;
			hasScannedForEncodings = 0;
			knownRegions = (
				en,
				Base,
			);
			mainGroup = 94E70486291D1D6A0062D24C;
			productRefGroup = 94E70490291D1D6A0062D24C /* Products */;
			projectDirPath = "";
			projectRoot = "";
			targets = (
				94E7048E291D1D6A0062D24C /* PodcastFTiOS */,
			);
		};
/* End PBXProject section */

/* Begin PBXResourcesBuildPhase section */
		94E7048D291D1D6A0062D24C /* Resources */ = {
			isa = PBXResourcesBuildPhase;
			buildActionMask = 2147483647;
			files = (
				94E7049F291D1D6D0062D24C /* LaunchScreen.storyboard in Resources */,
				94E704D3291D61B20062D24C /* PlayerView.xib in Resources */,
				94E7049C291D1D6D0062D24C /* Assets.xcassets in Resources */,
				94E704C4291D27540062D24C /* Episode.storyboard in Resources */,
				94E704B5291D26210062D24C /* Explore.storyboard in Resources */,
				94E704DD291E1D6D0062D24C /* Download.storyboard in Resources */,
				94E7049A291D1D6A0062D24C /* Main.storyboard in Resources */,
				94E704CF291D58B60062D24C /* Player.storyboard in Resources */,
				94E704DB291E1D620062D24C /* Favorite.storyboard in Resources */,
				94E704B0291D25E90062D24C /* Home.storyboard in Resources */,
			);
			runOnlyForDeploymentPostprocessing = 0;
		};
/* End PBXResourcesBuildPhase section */

/* Begin PBXShellScriptBuildPhase section */
		6B5D1B7FCDCC1381B9448CCE /* [CP] Check Pods Manifest.lock */ = {
			isa = PBXShellScriptBuildPhase;
			buildActionMask = 2147483647;
			files = (
			);
			inputFileListPaths = (
			);
			inputPaths = (
				"${PODS_PODFILE_DIR_PATH}/Podfile.lock",
				"${PODS_ROOT}/Manifest.lock",
			);
			name = "[CP] Check Pods Manifest.lock";
			outputFileListPaths = (
			);
			outputPaths = (
				"$(DERIVED_FILE_DIR)/Pods-PodcastFTiOS-checkManifestLockResult.txt",
			);
			runOnlyForDeploymentPostprocessing = 0;
			shellPath = /bin/sh;
			shellScript = "diff \"${PODS_PODFILE_DIR_PATH}/Podfile.lock\" \"${PODS_ROOT}/Manifest.lock\" > /dev/null\nif [ $? != 0 ] ; then\n    # print error to STDERR\n    echo \"error: The sandbox is not in sync with the Podfile.lock. Run 'pod install' or update your CocoaPods installation.\" >&2\n    exit 1\nfi\n# This output is used by Xcode 'outputs' to avoid re-running this script phase.\necho \"SUCCESS\" > \"${SCRIPT_OUTPUT_FILE_0}\"\n";
			showEnvVarsInLog = 0;
		};
		B459C9A09785057DDFFAB16B /* [CP] Embed Pods Frameworks */ = {
			isa = PBXShellScriptBuildPhase;
			buildActionMask = 2147483647;
			files = (
			);
			inputFileListPaths = (
				"${PODS_ROOT}/Target Support Files/Pods-PodcastFTiOS/Pods-PodcastFTiOS-frameworks-${CONFIGURATION}-input-files.xcfilelist",
			);
			name = "[CP] Embed Pods Frameworks";
			outputFileListPaths = (
				"${PODS_ROOT}/Target Support Files/Pods-PodcastFTiOS/Pods-PodcastFTiOS-frameworks-${CONFIGURATION}-output-files.xcfilelist",
			);
			runOnlyForDeploymentPostprocessing = 0;
			shellPath = /bin/sh;
			shellScript = "\"${PODS_ROOT}/Target Support Files/Pods-PodcastFTiOS/Pods-PodcastFTiOS-frameworks.sh\"\n";
			showEnvVarsInLog = 0;
		};
/* End PBXShellScriptBuildPhase section */

/* Begin PBXSourcesBuildPhase section */
		94E7048B291D1D6A0062D24C /* Sources */ = {
			isa = PBXSourcesBuildPhase;
			buildActionMask = 2147483647;
			files = (
				94F6C49C291F4F0400F6F452 /* DownloadViewCell.swift in Sources */,
				94F6C4A6291F59E500F6F452 /* Service.swift in Sources */,
				94E704AD291D253A0062D24C /* MainViewController.swift in Sources */,
				94E70493291D1D6A0062D24C /* AppDelegate.swift in Sources */,
				94F6C4A4291F594F00F6F452 /* APIService.swift in Sources */,
				94C2F1212921E831003FF921 /* BaseViewController.swift in Sources */,
				94E704C1291D271D0062D24C /* FavoriteViewController.swift in Sources */,
				94F6C4D529212F3B00F6F452 /* PlayerView.swift in Sources */,
				94F6C4BC291FE22900F6F452 /* DoubleExtensions.swift in Sources */,
				94F6C4BD291FE22900F6F452 /* UserDefaultsExtension.swift in Sources */,
				94E70495291D1D6A0062D24C /* SceneDelegate.swift in Sources */,
				94E704BC291D26D40062D24C /* DownloadViewController.swift in Sources */,
				94F6C4A8291F5B2800F6F452 /* Podcast.swift in Sources */,
				94F6C49A291F4E9A00F6F452 /* FavoriteViewCell.swift in Sources */,
				94E704C6291D27640062D24C /* EpisodeViewController.swift in Sources */,
				94F6C4B3291FE1EE00F6F452 /* PodcastsApp.xcdatamodeld in Sources */,
				94E704B2291D25F90062D24C /* HomeViewController.swift in Sources */,
				949C0B002929DB2800F9F1EE /* CollectionsViewModel.swift in Sources */,
				94F6C4C3291FE68600F6F452 /* DownloadViewModel.swift in Sources */,
				94F6C4CB291FF62200F6F452 /* RecommendedViewModel.swift in Sources */,
				94F6C4A2291F53C100F6F452 /* UIColorExtensions.swift in Sources */,
				949C0A9A2925343800F9F1EE /* PlayerViewController.swift in Sources */,
				94C1DCD42924A74E0010533E /* ExploresViewController.swift in Sources */,
				94F6C49E291F4F6700F6F452 /* EpisodeViewCell.swift in Sources */,
				949C0A9C2927412F00F9F1EE /* Recommended.swift in Sources */,
				94F6C4AC291F60BE00F6F452 /* DownloadedEpisode.swift in Sources */,
				94F6C4C5291FE79500F6F452 /* FavoriteViewModel.swift in Sources */,
				94F6C490291F4C9F00F6F452 /* RecommendedListViewCell.swift in Sources */,
				94F6C494291F4CFC00F6F452 /* RecommendedViewCell.swift in Sources */,
				94F6C4C7291FE83500F6F452 /* PlayerViewModel.swift in Sources */,
				94F6C4BA291FE22900F6F452 /* NotificationExtensions.swift in Sources */,
				94F6C4B1291FE1EE00F6F452 /* DPodcast+CoreDataClass.swift in Sources */,
				94F6C4B5291FE21200F6F452 /* SearchResponse.swift in Sources */,
				94F6C4AA291F608800F6F452 /* Episode.swift in Sources */,
				94F6C4BB291FE22900F6F452 /* DateExtensions.swift in Sources */,
				94F6C4BF291FE32E00F6F452 /* PlayerProvider.swift in Sources */,
				94F6C4CF2920F58C00F6F452 /* CollectionsViewCell.swift in Sources */,
				94F6C4B2291FE1EE00F6F452 /* DPodcast+CoreDataProperties.swift in Sources */,
				94C2F1252923AD05003FF921 /* ExploresViewModel.swift in Sources */,
				949C0A942924AF0800F9F1EE /* ExploresViewCell.swift in Sources */,
				949C0B022929DB6100F9F1EE /* Collections.swift in Sources */,
				94F6C4D12921158800F6F452 /* EpisodeViewModel.swift in Sources */,
			);
			runOnlyForDeploymentPostprocessing = 0;
		};
/* End PBXSourcesBuildPhase section */

/* Begin PBXVariantGroup section */
		94E70498291D1D6A0062D24C /* Main.storyboard */ = {
			isa = PBXVariantGroup;
			children = (
				94E70499291D1D6A0062D24C /* Base */,
			);
			name = Main.storyboard;
			sourceTree = "<group>";
		};
		94E7049D291D1D6D0062D24C /* LaunchScreen.storyboard */ = {
			isa = PBXVariantGroup;
			children = (
				94E7049E291D1D6D0062D24C /* Base */,
			);
			name = LaunchScreen.storyboard;
			sourceTree = "<group>";
		};
/* End PBXVariantGroup section */

/* Begin XCBuildConfiguration section */
		94E704A1291D1D6D0062D24C /* Debug */ = {
			isa = XCBuildConfiguration;
			buildSettings = {
				ALWAYS_SEARCH_USER_PATHS = NO;
				CLANG_ANALYZER_NONNULL = YES;
				CLANG_ANALYZER_NUMBER_OBJECT_CONVERSION = YES_AGGRESSIVE;
				CLANG_CXX_LANGUAGE_STANDARD = "gnu++20";
				CLANG_ENABLE_MODULES = YES;
				CLANG_ENABLE_OBJC_ARC = YES;
				CLANG_ENABLE_OBJC_WEAK = YES;
				CLANG_WARN_BLOCK_CAPTURE_AUTORELEASING = YES;
				CLANG_WARN_BOOL_CONVERSION = YES;
				CLANG_WARN_COMMA = YES;
				CLANG_WARN_CONSTANT_CONVERSION = YES;
				CLANG_WARN_DEPRECATED_OBJC_IMPLEMENTATIONS = YES;
				CLANG_WARN_DIRECT_OBJC_ISA_USAGE = YES_ERROR;
				CLANG_WARN_DOCUMENTATION_COMMENTS = YES;
				CLANG_WARN_EMPTY_BODY = YES;
				CLANG_WARN_ENUM_CONVERSION = YES;
				CLANG_WARN_INFINITE_RECURSION = YES;
				CLANG_WARN_INT_CONVERSION = YES;
				CLANG_WARN_NON_LITERAL_NULL_CONVERSION = YES;
				CLANG_WARN_OBJC_IMPLICIT_RETAIN_SELF = YES;
				CLANG_WARN_OBJC_LITERAL_CONVERSION = YES;
				CLANG_WARN_OBJC_ROOT_CLASS = YES_ERROR;
				CLANG_WARN_QUOTED_INCLUDE_IN_FRAMEWORK_HEADER = YES;
				CLANG_WARN_RANGE_LOOP_ANALYSIS = YES;
				CLANG_WARN_STRICT_PROTOTYPES = YES;
				CLANG_WARN_SUSPICIOUS_MOVE = YES;
				CLANG_WARN_UNGUARDED_AVAILABILITY = YES_AGGRESSIVE;
				CLANG_WARN_UNREACHABLE_CODE = YES;
				CLANG_WARN__DUPLICATE_METHOD_MATCH = YES;
				COPY_PHASE_STRIP = NO;
				DEBUG_INFORMATION_FORMAT = dwarf;
				ENABLE_STRICT_OBJC_MSGSEND = YES;
				ENABLE_TESTABILITY = YES;
				GCC_C_LANGUAGE_STANDARD = gnu11;
				GCC_DYNAMIC_NO_PIC = NO;
				GCC_NO_COMMON_BLOCKS = YES;
				GCC_OPTIMIZATION_LEVEL = 0;
				GCC_PREPROCESSOR_DEFINITIONS = (
					"DEBUG=1",
					"$(inherited)",
				);
				GCC_WARN_64_TO_32_BIT_CONVERSION = YES;
				GCC_WARN_ABOUT_RETURN_TYPE = YES_ERROR;
				GCC_WARN_UNDECLARED_SELECTOR = YES;
				GCC_WARN_UNINITIALIZED_AUTOS = YES_AGGRESSIVE;
				GCC_WARN_UNUSED_FUNCTION = YES;
				GCC_WARN_UNUSED_VARIABLE = YES;
				IPHONEOS_DEPLOYMENT_TARGET = 16.1;
				MTL_ENABLE_DEBUG_INFO = INCLUDE_SOURCE;
				MTL_FAST_MATH = YES;
				ONLY_ACTIVE_ARCH = YES;
				SDKROOT = iphoneos;
				SWIFT_ACTIVE_COMPILATION_CONDITIONS = DEBUG;
				SWIFT_OPTIMIZATION_LEVEL = "-Onone";
			};
			name = Debug;
		};
		94E704A2291D1D6D0062D24C /* Release */ = {
			isa = XCBuildConfiguration;
			buildSettings = {
				ALWAYS_SEARCH_USER_PATHS = NO;
				CLANG_ANALYZER_NONNULL = YES;
				CLANG_ANALYZER_NUMBER_OBJECT_CONVERSION = YES_AGGRESSIVE;
				CLANG_CXX_LANGUAGE_STANDARD = "gnu++20";
				CLANG_ENABLE_MODULES = YES;
				CLANG_ENABLE_OBJC_ARC = YES;
				CLANG_ENABLE_OBJC_WEAK = YES;
				CLANG_WARN_BLOCK_CAPTURE_AUTORELEASING = YES;
				CLANG_WARN_BOOL_CONVERSION = YES;
				CLANG_WARN_COMMA = YES;
				CLANG_WARN_CONSTANT_CONVERSION = YES;
				CLANG_WARN_DEPRECATED_OBJC_IMPLEMENTATIONS = YES;
				CLANG_WARN_DIRECT_OBJC_ISA_USAGE = YES_ERROR;
				CLANG_WARN_DOCUMENTATION_COMMENTS = YES;
				CLANG_WARN_EMPTY_BODY = YES;
				CLANG_WARN_ENUM_CONVERSION = YES;
				CLANG_WARN_INFINITE_RECURSION = YES;
				CLANG_WARN_INT_CONVERSION = YES;
				CLANG_WARN_NON_LITERAL_NULL_CONVERSION = YES;
				CLANG_WARN_OBJC_IMPLICIT_RETAIN_SELF = YES;
				CLANG_WARN_OBJC_LITERAL_CONVERSION = YES;
				CLANG_WARN_OBJC_ROOT_CLASS = YES_ERROR;
				CLANG_WARN_QUOTED_INCLUDE_IN_FRAMEWORK_HEADER = YES;
				CLANG_WARN_RANGE_LOOP_ANALYSIS = YES;
				CLANG_WARN_STRICT_PROTOTYPES = YES;
				CLANG_WARN_SUSPICIOUS_MOVE = YES;
				CLANG_WARN_UNGUARDED_AVAILABILITY = YES_AGGRESSIVE;
				CLANG_WARN_UNREACHABLE_CODE = YES;
				CLANG_WARN__DUPLICATE_METHOD_MATCH = YES;
				COPY_PHASE_STRIP = NO;
				DEBUG_INFORMATION_FORMAT = "dwarf-with-dsym";
				ENABLE_NS_ASSERTIONS = NO;
				ENABLE_STRICT_OBJC_MSGSEND = YES;
				GCC_C_LANGUAGE_STANDARD = gnu11;
				GCC_NO_COMMON_BLOCKS = YES;
				GCC_WARN_64_TO_32_BIT_CONVERSION = YES;
				GCC_WARN_ABOUT_RETURN_TYPE = YES_ERROR;
				GCC_WARN_UNDECLARED_SELECTOR = YES;
				GCC_WARN_UNINITIALIZED_AUTOS = YES_AGGRESSIVE;
				GCC_WARN_UNUSED_FUNCTION = YES;
				GCC_WARN_UNUSED_VARIABLE = YES;
				IPHONEOS_DEPLOYMENT_TARGET = 16.1;
				MTL_ENABLE_DEBUG_INFO = NO;
				MTL_FAST_MATH = YES;
				SDKROOT = iphoneos;
				SWIFT_COMPILATION_MODE = wholemodule;
				SWIFT_OPTIMIZATION_LEVEL = "-O";
				VALIDATE_PRODUCT = YES;
			};
			name = Release;
		};
		94E704A4291D1D6D0062D24C /* Debug */ = {
			isa = XCBuildConfiguration;
			baseConfigurationReference = D246ABCA53E7F8EC729E057D /* Pods-PodcastFTiOS.debug.xcconfig */;
			buildSettings = {
				ASSETCATALOG_COMPILER_APPICON_NAME = AppIcon;
				ASSETCATALOG_COMPILER_GLOBAL_ACCENT_COLOR_NAME = AccentColor;
				CODE_SIGN_STYLE = Automatic;
				CURRENT_PROJECT_VERSION = 1;
				DEVELOPMENT_TEAM = 59BS9RNX2H;
				GENERATE_INFOPLIST_FILE = YES;
				INFOPLIST_FILE = PodcastFTiOS/Info.plist;
				INFOPLIST_KEY_UIApplicationSupportsIndirectInputEvents = YES;
				INFOPLIST_KEY_UILaunchStoryboardName = LaunchScreen;
				INFOPLIST_KEY_UIMainStoryboardFile = Main;
				INFOPLIST_KEY_UISupportedInterfaceOrientations_iPad = "UIInterfaceOrientationPortrait UIInterfaceOrientationPortraitUpsideDown UIInterfaceOrientationLandscapeLeft UIInterfaceOrientationLandscapeRight";
				INFOPLIST_KEY_UISupportedInterfaceOrientations_iPhone = "UIInterfaceOrientationPortrait UIInterfaceOrientationLandscapeLeft UIInterfaceOrientationLandscapeRight";
				LD_RUNPATH_SEARCH_PATHS = (
					"$(inherited)",
					"@executable_path/Frameworks",
				);
				MARKETING_VERSION = 1.0;
				PRODUCT_BUNDLE_IDENTIFIER = com.tiaranh.PodcastFTiOS;
				PRODUCT_NAME = "$(TARGET_NAME)";
				SWIFT_EMIT_LOC_STRINGS = YES;
				SWIFT_VERSION = 5.0;
				TARGETED_DEVICE_FAMILY = "1,2";
			};
			name = Debug;
		};
		94E704A5291D1D6D0062D24C /* Release */ = {
			isa = XCBuildConfiguration;
			baseConfigurationReference = F000304A76200592AEF1084E /* Pods-PodcastFTiOS.release.xcconfig */;
			buildSettings = {
				ASSETCATALOG_COMPILER_APPICON_NAME = AppIcon;
				ASSETCATALOG_COMPILER_GLOBAL_ACCENT_COLOR_NAME = AccentColor;
				CODE_SIGN_STYLE = Automatic;
				CURRENT_PROJECT_VERSION = 1;
				DEVELOPMENT_TEAM = 59BS9RNX2H;
				GENERATE_INFOPLIST_FILE = YES;
				INFOPLIST_FILE = PodcastFTiOS/Info.plist;
				INFOPLIST_KEY_UIApplicationSupportsIndirectInputEvents = YES;
				INFOPLIST_KEY_UILaunchStoryboardName = LaunchScreen;
				INFOPLIST_KEY_UIMainStoryboardFile = Main;
				INFOPLIST_KEY_UISupportedInterfaceOrientations_iPad = "UIInterfaceOrientationPortrait UIInterfaceOrientationPortraitUpsideDown UIInterfaceOrientationLandscapeLeft UIInterfaceOrientationLandscapeRight";
				INFOPLIST_KEY_UISupportedInterfaceOrientations_iPhone = "UIInterfaceOrientationPortrait UIInterfaceOrientationLandscapeLeft UIInterfaceOrientationLandscapeRight";
				LD_RUNPATH_SEARCH_PATHS = (
					"$(inherited)",
					"@executable_path/Frameworks",
				);
				MARKETING_VERSION = 1.0;
				PRODUCT_BUNDLE_IDENTIFIER = com.tiaranh.PodcastFTiOS;
				PRODUCT_NAME = "$(TARGET_NAME)";
				SWIFT_EMIT_LOC_STRINGS = YES;
				SWIFT_VERSION = 5.0;
				TARGETED_DEVICE_FAMILY = "1,2";
			};
			name = Release;
		};
/* End XCBuildConfiguration section */

/* Begin XCConfigurationList section */
		94E7048A291D1D6A0062D24C /* Build configuration list for PBXProject "PodcastFTiOS" */ = {
			isa = XCConfigurationList;
			buildConfigurations = (
				94E704A1291D1D6D0062D24C /* Debug */,
				94E704A2291D1D6D0062D24C /* Release */,
			);
			defaultConfigurationIsVisible = 0;
			defaultConfigurationName = Release;
		};
		94E704A3291D1D6D0062D24C /* Build configuration list for PBXNativeTarget "PodcastFTiOS" */ = {
			isa = XCConfigurationList;
			buildConfigurations = (
				94E704A4291D1D6D0062D24C /* Debug */,
				94E704A5291D1D6D0062D24C /* Release */,
			);
			defaultConfigurationIsVisible = 0;
			defaultConfigurationName = Release;
		};
/* End XCConfigurationList section */

/* Begin XCVersionGroup section */
		94F6C4AF291FE1EE00F6F452 /* PodcastsApp.xcdatamodeld */ = {
			isa = XCVersionGroup;
			children = (
				94F6C4B0291FE1EE00F6F452 /* PodcastsApp.xcdatamodel */,
			);
			currentVersion = 94F6C4B0291FE1EE00F6F452 /* PodcastsApp.xcdatamodel */;
			path = PodcastsApp.xcdatamodeld;
			sourceTree = "<group>";
			versionGroupType = wrapper.xcdatamodel;
		};
/* End XCVersionGroup section */
	};
	rootObject = 94E70487291D1D6A0062D24C /* Project object */;
}
